// !$*UTF8*$!
{
	archiveVersion = 1;
	classes = {
	};
	objectVersion = 46;
	objects = {

/* Begin PBXBuildFile section */
		221DC99821210B7B00FDBCAA /* libluajit.a in Frameworks */ = {isa = PBXBuildFile; fileRef = 221DC99721210B7B00FDBCAA /* libluajit.a */; };
		221DCA732121104300FDBCAA /* lj_lex.h in Headers */ = {isa = PBXBuildFile; fileRef = 221DCA2B2121103C00FDBCAA /* lj_lex.h */; };
		221DCA742121104300FDBCAA /* lj_carith.h in Headers */ = {isa = PBXBuildFile; fileRef = 221DCA2C2121103C00FDBCAA /* lj_carith.h */; };
		221DCA752121104300FDBCAA /* lj_ctype.h in Headers */ = {isa = PBXBuildFile; fileRef = 221DCA2D2121103D00FDBCAA /* lj_ctype.h */; };
		221DCA762121104300FDBCAA /* lj_bc.h in Headers */ = {isa = PBXBuildFile; fileRef = 221DCA2E2121103D00FDBCAA /* lj_bc.h */; };
		221DCA772121104300FDBCAA /* lj_iropt.h in Headers */ = {isa = PBXBuildFile; fileRef = 221DCA2F2121103D00FDBCAA /* lj_iropt.h */; };
		221DCA782121104300FDBCAA /* lj_func.h in Headers */ = {isa = PBXBuildFile; fileRef = 221DCA302121103D00FDBCAA /* lj_func.h */; };
		221DCA792121104300FDBCAA /* lj_libdef.h in Headers */ = {isa = PBXBuildFile; fileRef = 221DCA312121103D00FDBCAA /* lj_libdef.h */; };
		221DCA7A2121104300FDBCAA /* lj_target_arm.h in Headers */ = {isa = PBXBuildFile; fileRef = 221DCA322121103D00FDBCAA /* lj_target_arm.h */; };
		221DCA7B2121104300FDBCAA /* lj_target.h in Headers */ = {isa = PBXBuildFile; fileRef = 221DCA332121103D00FDBCAA /* lj_target.h */; };
		221DCA7C2121104300FDBCAA /* lj_record.h in Headers */ = {isa = PBXBuildFile; fileRef = 221DCA342121103D00FDBCAA /* lj_record.h */; };
		221DCA7D2121104300FDBCAA /* lj_bcdef.h in Headers */ = {isa = PBXBuildFile; fileRef = 221DCA352121103D00FDBCAA /* lj_bcdef.h */; };
		221DCA7E2121104300FDBCAA /* lj_target_mips.h in Headers */ = {isa = PBXBuildFile; fileRef = 221DCA362121103D00FDBCAA /* lj_target_mips.h */; };
		221DCA7F2121104300FDBCAA /* lj_emit_x86.h in Headers */ = {isa = PBXBuildFile; fileRef = 221DCA372121103D00FDBCAA /* lj_emit_x86.h */; };
		221DCA802121104300FDBCAA /* lj_bcdump.h in Headers */ = {isa = PBXBuildFile; fileRef = 221DCA382121103D00FDBCAA /* lj_bcdump.h */; };
		221DCA812121104300FDBCAA /* lj_cconv.h in Headers */ = {isa = PBXBuildFile; fileRef = 221DCA392121103D00FDBCAA /* lj_cconv.h */; };
		221DCA822121104300FDBCAA /* lj_crecord.h in Headers */ = {isa = PBXBuildFile; fileRef = 221DCA3A2121103D00FDBCAA /* lj_crecord.h */; };
		221DCA832121104300FDBCAA /* lj_errmsg.h in Headers */ = {isa = PBXBuildFile; fileRef = 221DCA3B2121103D00FDBCAA /* lj_errmsg.h */; };
		221DCA842121104300FDBCAA /* lj_vmevent.h in Headers */ = {isa = PBXBuildFile; fileRef = 221DCA3C2121103D00FDBCAA /* lj_vmevent.h */; };
		221DCA852121104300FDBCAA /* lj_state.h in Headers */ = {isa = PBXBuildFile; fileRef = 221DCA3D2121103E00FDBCAA /* lj_state.h */; };
		221DCA862121104300FDBCAA /* lj_folddef.h in Headers */ = {isa = PBXBuildFile; fileRef = 221DCA3E2121103E00FDBCAA /* lj_folddef.h */; };
		221DCA872121104300FDBCAA /* luajit.h in Headers */ = {isa = PBXBuildFile; fileRef = 221DCA3F2121103E00FDBCAA /* luajit.h */; };
		221DCA882121104300FDBCAA /* lj_emit_mips.h in Headers */ = {isa = PBXBuildFile; fileRef = 221DCA402121103E00FDBCAA /* lj_emit_mips.h */; };
		221DCA892121104300FDBCAA /* lj_ffdef.h in Headers */ = {isa = PBXBuildFile; fileRef = 221DCA412121103E00FDBCAA /* lj_ffdef.h */; };
		221DCA8A2121104300FDBCAA /* lj_emit_arm.h in Headers */ = {isa = PBXBuildFile; fileRef = 221DCA422121103E00FDBCAA /* lj_emit_arm.h */; };
		221DCA8B2121104300FDBCAA /* lj_frame.h in Headers */ = {isa = PBXBuildFile; fileRef = 221DCA432121103E00FDBCAA /* lj_frame.h */; };
		221DCA8C2121104300FDBCAA /* lj_arch.h in Headers */ = {isa = PBXBuildFile; fileRef = 221DCA442121103E00FDBCAA /* lj_arch.h */; };
		221DCA8D2121104300FDBCAA /* lj_ffrecord.h in Headers */ = {isa = PBXBuildFile; fileRef = 221DCA452121103E00FDBCAA /* lj_ffrecord.h */; };
		221DCA8E2121104300FDBCAA /* lauxlib.h in Headers */ = {isa = PBXBuildFile; fileRef = 221DCA462121103E00FDBCAA /* lauxlib.h */; };
		221DCA8F2121104300FDBCAA /* lj_trace.h in Headers */ = {isa = PBXBuildFile; fileRef = 221DCA472121103F00FDBCAA /* lj_trace.h */; };
		221DCA902121104300FDBCAA /* lj_parse.h in Headers */ = {isa = PBXBuildFile; fileRef = 221DCA482121103F00FDBCAA /* lj_parse.h */; };
		221DCA912121104300FDBCAA /* lj_snap.h in Headers */ = {isa = PBXBuildFile; fileRef = 221DCA492121103F00FDBCAA /* lj_snap.h */; };
		221DCA922121104300FDBCAA /* lj_obj.h in Headers */ = {isa = PBXBuildFile; fileRef = 221DCA4A2121103F00FDBCAA /* lj_obj.h */; };
		221DCA932121104300FDBCAA /* lj_asm_ppc.h in Headers */ = {isa = PBXBuildFile; fileRef = 221DCA4B2121103F00FDBCAA /* lj_asm_ppc.h */; };
		221DCA942121104300FDBCAA /* lj_ccallback.h in Headers */ = {isa = PBXBuildFile; fileRef = 221DCA4C2121103F00FDBCAA /* lj_ccallback.h */; };
		221DCA952121104300FDBCAA /* lj_err.h in Headers */ = {isa = PBXBuildFile; fileRef = 221DCA4D2121103F00FDBCAA /* lj_err.h */; };
		221DCA962121104300FDBCAA /* lj_recdef.h in Headers */ = {isa = PBXBuildFile; fileRef = 221DCA4E2121103F00FDBCAA /* lj_recdef.h */; };
		221DCA972121104300FDBCAA /* lj_target_x86.h in Headers */ = {isa = PBXBuildFile; fileRef = 221DCA4F2121103F00FDBCAA /* lj_target_x86.h */; };
		221DCA982121104300FDBCAA /* buildvm_arch.h in Headers */ = {isa = PBXBuildFile; fileRef = 221DCA502121103F00FDBCAA /* buildvm_arch.h */; };
		221DCA992121104300FDBCAA /* lj_traceerr.h in Headers */ = {isa = PBXBuildFile; fileRef = 221DCA512121104000FDBCAA /* lj_traceerr.h */; };
		221DCA9A2121104300FDBCAA /* lj_vm.h in Headers */ = {isa = PBXBuildFile; fileRef = 221DCA522121104000FDBCAA /* lj_vm.h */; };
		221DCA9B2121104300FDBCAA /* luaconf.h in Headers */ = {isa = PBXBuildFile; fileRef = 221DCA532121104000FDBCAA /* luaconf.h */; };
		221DCA9C2121104300FDBCAA /* lj_asm_mips.h in Headers */ = {isa = PBXBuildFile; fileRef = 221DCA542121104000FDBCAA /* lj_asm_mips.h */; };
		221DCA9D2121104300FDBCAA /* lj_tab.h in Headers */ = {isa = PBXBuildFile; fileRef = 221DCA552121104000FDBCAA /* lj_tab.h */; };
		221DCA9E2121104300FDBCAA /* lj_jit.h in Headers */ = {isa = PBXBuildFile; fileRef = 221DCA562121104000FDBCAA /* lj_jit.h */; };
		221DCA9F2121104300FDBCAA /* lj_cdata.h in Headers */ = {isa = PBXBuildFile; fileRef = 221DCA572121104000FDBCAA /* lj_cdata.h */; };
		221DCAA02121104300FDBCAA /* lj_ccall.h in Headers */ = {isa = PBXBuildFile; fileRef = 221DCA582121104000FDBCAA /* lj_ccall.h */; };
		221DCAA12121104300FDBCAA /* lj_debug.h in Headers */ = {isa = PBXBuildFile; fileRef = 221DCA592121104000FDBCAA /* lj_debug.h */; };
		221DCAA22121104300FDBCAA /* lj_asm_arm.h in Headers */ = {isa = PBXBuildFile; fileRef = 221DCA5A2121104000FDBCAA /* lj_asm_arm.h */; };
		221DCAA32121104300FDBCAA /* lj_asm_x86.h in Headers */ = {isa = PBXBuildFile; fileRef = 221DCA5B2121104000FDBCAA /* lj_asm_x86.h */; };
		221DCAA42121104300FDBCAA /* lj_asm.h in Headers */ = {isa = PBXBuildFile; fileRef = 221DCA5C2121104100FDBCAA /* lj_asm.h */; };
		221DCAA52121104300FDBCAA /* lj_cparse.h in Headers */ = {isa = PBXBuildFile; fileRef = 221DCA5D2121104100FDBCAA /* lj_cparse.h */; };
		221DCAA62121104300FDBCAA /* lj_emit_ppc.h in Headers */ = {isa = PBXBuildFile; fileRef = 221DCA5E2121104100FDBCAA /* lj_emit_ppc.h */; };
		221DCAA72121104300FDBCAA /* lj_char.h in Headers */ = {isa = PBXBuildFile; fileRef = 221DCA5F2121104100FDBCAA /* lj_char.h */; };
		221DCAA82121104300FDBCAA /* buildvm.h in Headers */ = {isa = PBXBuildFile; fileRef = 221DCA602121104100FDBCAA /* buildvm.h */; };
		221DCAA92121104300FDBCAA /* lj_ff.h in Headers */ = {isa = PBXBuildFile; fileRef = 221DCA612121104100FDBCAA /* lj_ff.h */; };
		221DCAAA2121104300FDBCAA /* lj_gc.h in Headers */ = {isa = PBXBuildFile; fileRef = 221DCA622121104100FDBCAA /* lj_gc.h */; };
		221DCAAB2121104300FDBCAA /* lj_gdbjit.h in Headers */ = {isa = PBXBuildFile; fileRef = 221DCA632121104100FDBCAA /* lj_gdbjit.h */; };
		221DCAAC2121104300FDBCAA /* lj_lib.h in Headers */ = {isa = PBXBuildFile; fileRef = 221DCA642121104100FDBCAA /* lj_lib.h */; };
		221DCAAD2121104300FDBCAA /* lj_ir.h in Headers */ = {isa = PBXBuildFile; fileRef = 221DCA652121104100FDBCAA /* lj_ir.h */; };
		221DCAAE2121104300FDBCAA /* lj_mcode.h in Headers */ = {isa = PBXBuildFile; fileRef = 221DCA662121104200FDBCAA /* lj_mcode.h */; };
		221DCAAF2121104300FDBCAA /* lj_clib.h in Headers */ = {isa = PBXBuildFile; fileRef = 221DCA672121104200FDBCAA /* lj_clib.h */; };
		221DCAB02121104300FDBCAA /* lj_ircall.h in Headers */ = {isa = PBXBuildFile; fileRef = 221DCA682121104200FDBCAA /* lj_ircall.h */; };
		221DCAB12121104300FDBCAA /* lj_meta.h in Headers */ = {isa = PBXBuildFile; fileRef = 221DCA692121104200FDBCAA /* lj_meta.h */; };
		221DCAB22121104300FDBCAA /* lj_def.h in Headers */ = {isa = PBXBuildFile; fileRef = 221DCA6A2121104200FDBCAA /* lj_def.h */; };
		221DCAB32121104300FDBCAA /* lj_str.h in Headers */ = {isa = PBXBuildFile; fileRef = 221DCA6B2121104200FDBCAA /* lj_str.h */; };
		221DCAB42121104300FDBCAA /* lj_strscan.h in Headers */ = {isa = PBXBuildFile; fileRef = 221DCA6C2121104200FDBCAA /* lj_strscan.h */; };
		221DCAB52121104300FDBCAA /* lj_target_ppc.h in Headers */ = {isa = PBXBuildFile; fileRef = 221DCA6D2121104200FDBCAA /* lj_target_ppc.h */; };
		221DCAB62121104300FDBCAA /* lua.h in Headers */ = {isa = PBXBuildFile; fileRef = 221DCA6E2121104200FDBCAA /* lua.h */; };
		221DCAB72121104300FDBCAA /* lj_alloc.h in Headers */ = {isa = PBXBuildFile; fileRef = 221DCA6F2121104200FDBCAA /* lj_alloc.h */; };
		221DCAB82121104300FDBCAA /* lj_dispatch.h in Headers */ = {isa = PBXBuildFile; fileRef = 221DCA702121104200FDBCAA /* lj_dispatch.h */; };
		221DCAB92121104300FDBCAA /* lj_udata.h in Headers */ = {isa = PBXBuildFile; fileRef = 221DCA712121104200FDBCAA /* lj_udata.h */; };
		221DCABA2121104300FDBCAA /* lualib.h in Headers */ = {isa = PBXBuildFile; fileRef = 221DCA722121104300FDBCAA /* lualib.h */; };
		4FDC203D1E117F7500EDA72E /* luaskin.lua in Resources */ = {isa = PBXBuildFile; fileRef = 4FDC203C1E117F7500EDA72E /* luaskin.lua */; };
		4FDD8E781C850AC800085D7A /* lsunit.lua in Resources */ = {isa = PBXBuildFile; fileRef = 4FDD8E771C850AC800085D7A /* lsunit.lua */; };
		4FDD8E801C85A09600085D7A /* testinit.lua in Resources */ = {isa = PBXBuildFile; fileRef = 4FDD8E7F1C85A09600085D7A /* testinit.lua */; };
		4FEF59551B29CE06002344A7 /* LuaSkin.h in Headers */ = {isa = PBXBuildFile; fileRef = 4FEF59541B29CE06002344A7 /* LuaSkin.h */; settings = {ATTRIBUTES = (Public, ); }; };
		4FEF595B1B29CE06002344A7 /* LuaSkin.framework in Frameworks */ = {isa = PBXBuildFile; fileRef = 4FEF594F1B29CE06002344A7 /* LuaSkin.framework */; };
		4FEF59621B29CE06002344A7 /* LuaSkinTests.m in Sources */ = {isa = PBXBuildFile; fileRef = 4FEF59611B29CE06002344A7 /* LuaSkinTests.m */; };
		4FEF59711B29D0FB002344A7 /* Skin.h in Headers */ = {isa = PBXBuildFile; fileRef = 4FEF596F1B29D0FB002344A7 /* Skin.h */; settings = {ATTRIBUTES = (Public, ); }; };
		4FEF59721B29D0FB002344A7 /* Skin.m in Sources */ = {isa = PBXBuildFile; fileRef = 4FEF59701B29D0FB002344A7 /* Skin.m */; };
/* End PBXBuildFile section */

/* Begin PBXContainerItemProxy section */
		4FEF595C1B29CE06002344A7 /* PBXContainerItemProxy */ = {
			isa = PBXContainerItemProxy;
			containerPortal = 4FEF59461B29CE06002344A7 /* Project object */;
			proxyType = 1;
			remoteGlobalIDString = 4FEF594E1B29CE06002344A7;
			remoteInfo = LuaSkin;
		};
/* End PBXContainerItemProxy section */

/* Begin PBXFileReference section */
		221DC99721210B7B00FDBCAA /* libluajit.a */ = {isa = PBXFileReference; lastKnownFileType = archive.ar; name = libluajit.a; path = "LuaJIT-2.0.5/src/libluajit.a"; sourceTree = SOURCE_ROOT; };
		221DCA2B2121103C00FDBCAA /* lj_lex.h */ = {isa = PBXFileReference; fileEncoding = 4; lastKnownFileType = sourcecode.c.h; name = lj_lex.h; path = "LuaJIT-2.0.5/src/lj_lex.h"; sourceTree = SOURCE_ROOT; };
		221DCA2C2121103C00FDBCAA /* lj_carith.h */ = {isa = PBXFileReference; fileEncoding = 4; lastKnownFileType = sourcecode.c.h; name = lj_carith.h; path = "LuaJIT-2.0.5/src/lj_carith.h"; sourceTree = SOURCE_ROOT; };
		221DCA2D2121103D00FDBCAA /* lj_ctype.h */ = {isa = PBXFileReference; fileEncoding = 4; lastKnownFileType = sourcecode.c.h; name = lj_ctype.h; path = "LuaJIT-2.0.5/src/lj_ctype.h"; sourceTree = SOURCE_ROOT; };
		221DCA2E2121103D00FDBCAA /* lj_bc.h */ = {isa = PBXFileReference; fileEncoding = 4; lastKnownFileType = sourcecode.c.h; name = lj_bc.h; path = "LuaJIT-2.0.5/src/lj_bc.h"; sourceTree = SOURCE_ROOT; };
		221DCA2F2121103D00FDBCAA /* lj_iropt.h */ = {isa = PBXFileReference; fileEncoding = 4; lastKnownFileType = sourcecode.c.h; name = lj_iropt.h; path = "LuaJIT-2.0.5/src/lj_iropt.h"; sourceTree = SOURCE_ROOT; };
		221DCA302121103D00FDBCAA /* lj_func.h */ = {isa = PBXFileReference; fileEncoding = 4; lastKnownFileType = sourcecode.c.h; name = lj_func.h; path = "LuaJIT-2.0.5/src/lj_func.h"; sourceTree = SOURCE_ROOT; };
		221DCA312121103D00FDBCAA /* lj_libdef.h */ = {isa = PBXFileReference; fileEncoding = 4; lastKnownFileType = sourcecode.c.h; name = lj_libdef.h; path = "LuaJIT-2.0.5/src/lj_libdef.h"; sourceTree = SOURCE_ROOT; };
		221DCA322121103D00FDBCAA /* lj_target_arm.h */ = {isa = PBXFileReference; fileEncoding = 4; lastKnownFileType = sourcecode.c.h; name = lj_target_arm.h; path = "LuaJIT-2.0.5/src/lj_target_arm.h"; sourceTree = SOURCE_ROOT; };
		221DCA332121103D00FDBCAA /* lj_target.h */ = {isa = PBXFileReference; fileEncoding = 4; lastKnownFileType = sourcecode.c.h; name = lj_target.h; path = "LuaJIT-2.0.5/src/lj_target.h"; sourceTree = SOURCE_ROOT; };
		221DCA342121103D00FDBCAA /* lj_record.h */ = {isa = PBXFileReference; fileEncoding = 4; lastKnownFileType = sourcecode.c.h; name = lj_record.h; path = "LuaJIT-2.0.5/src/lj_record.h"; sourceTree = SOURCE_ROOT; };
		221DCA352121103D00FDBCAA /* lj_bcdef.h */ = {isa = PBXFileReference; fileEncoding = 4; lastKnownFileType = sourcecode.c.h; name = lj_bcdef.h; path = "LuaJIT-2.0.5/src/lj_bcdef.h"; sourceTree = SOURCE_ROOT; };
		221DCA362121103D00FDBCAA /* lj_target_mips.h */ = {isa = PBXFileReference; fileEncoding = 4; lastKnownFileType = sourcecode.c.h; name = lj_target_mips.h; path = "LuaJIT-2.0.5/src/lj_target_mips.h"; sourceTree = SOURCE_ROOT; };
		221DCA372121103D00FDBCAA /* lj_emit_x86.h */ = {isa = PBXFileReference; fileEncoding = 4; lastKnownFileType = sourcecode.c.h; name = lj_emit_x86.h; path = "LuaJIT-2.0.5/src/lj_emit_x86.h"; sourceTree = SOURCE_ROOT; };
		221DCA382121103D00FDBCAA /* lj_bcdump.h */ = {isa = PBXFileReference; fileEncoding = 4; lastKnownFileType = sourcecode.c.h; name = lj_bcdump.h; path = "LuaJIT-2.0.5/src/lj_bcdump.h"; sourceTree = SOURCE_ROOT; };
		221DCA392121103D00FDBCAA /* lj_cconv.h */ = {isa = PBXFileReference; fileEncoding = 4; lastKnownFileType = sourcecode.c.h; name = lj_cconv.h; path = "LuaJIT-2.0.5/src/lj_cconv.h"; sourceTree = SOURCE_ROOT; };
		221DCA3A2121103D00FDBCAA /* lj_crecord.h */ = {isa = PBXFileReference; fileEncoding = 4; lastKnownFileType = sourcecode.c.h; name = lj_crecord.h; path = "LuaJIT-2.0.5/src/lj_crecord.h"; sourceTree = SOURCE_ROOT; };
		221DCA3B2121103D00FDBCAA /* lj_errmsg.h */ = {isa = PBXFileReference; fileEncoding = 4; lastKnownFileType = sourcecode.c.h; name = lj_errmsg.h; path = "LuaJIT-2.0.5/src/lj_errmsg.h"; sourceTree = SOURCE_ROOT; };
		221DCA3C2121103D00FDBCAA /* lj_vmevent.h */ = {isa = PBXFileReference; fileEncoding = 4; lastKnownFileType = sourcecode.c.h; name = lj_vmevent.h; path = "LuaJIT-2.0.5/src/lj_vmevent.h"; sourceTree = SOURCE_ROOT; };
		221DCA3D2121103E00FDBCAA /* lj_state.h */ = {isa = PBXFileReference; fileEncoding = 4; lastKnownFileType = sourcecode.c.h; name = lj_state.h; path = "LuaJIT-2.0.5/src/lj_state.h"; sourceTree = SOURCE_ROOT; };
		221DCA3E2121103E00FDBCAA /* lj_folddef.h */ = {isa = PBXFileReference; fileEncoding = 4; lastKnownFileType = sourcecode.c.h; name = lj_folddef.h; path = "LuaJIT-2.0.5/src/lj_folddef.h"; sourceTree = SOURCE_ROOT; };
		221DCA3F2121103E00FDBCAA /* luajit.h */ = {isa = PBXFileReference; fileEncoding = 4; lastKnownFileType = sourcecode.c.h; name = luajit.h; path = "LuaJIT-2.0.5/src/luajit.h"; sourceTree = SOURCE_ROOT; };
		221DCA402121103E00FDBCAA /* lj_emit_mips.h */ = {isa = PBXFileReference; fileEncoding = 4; lastKnownFileType = sourcecode.c.h; name = lj_emit_mips.h; path = "LuaJIT-2.0.5/src/lj_emit_mips.h"; sourceTree = SOURCE_ROOT; };
		221DCA412121103E00FDBCAA /* lj_ffdef.h */ = {isa = PBXFileReference; fileEncoding = 4; lastKnownFileType = sourcecode.c.h; name = lj_ffdef.h; path = "LuaJIT-2.0.5/src/lj_ffdef.h"; sourceTree = SOURCE_ROOT; };
		221DCA422121103E00FDBCAA /* lj_emit_arm.h */ = {isa = PBXFileReference; fileEncoding = 4; lastKnownFileType = sourcecode.c.h; name = lj_emit_arm.h; path = "LuaJIT-2.0.5/src/lj_emit_arm.h"; sourceTree = SOURCE_ROOT; };
		221DCA432121103E00FDBCAA /* lj_frame.h */ = {isa = PBXFileReference; fileEncoding = 4; lastKnownFileType = sourcecode.c.h; name = lj_frame.h; path = "LuaJIT-2.0.5/src/lj_frame.h"; sourceTree = SOURCE_ROOT; };
		221DCA442121103E00FDBCAA /* lj_arch.h */ = {isa = PBXFileReference; fileEncoding = 4; lastKnownFileType = sourcecode.c.h; name = lj_arch.h; path = "LuaJIT-2.0.5/src/lj_arch.h"; sourceTree = SOURCE_ROOT; };
		221DCA452121103E00FDBCAA /* lj_ffrecord.h */ = {isa = PBXFileReference; fileEncoding = 4; lastKnownFileType = sourcecode.c.h; name = lj_ffrecord.h; path = "LuaJIT-2.0.5/src/lj_ffrecord.h"; sourceTree = SOURCE_ROOT; };
		221DCA462121103E00FDBCAA /* lauxlib.h */ = {isa = PBXFileReference; fileEncoding = 4; lastKnownFileType = sourcecode.c.h; name = lauxlib.h; path = "LuaJIT-2.0.5/src/lauxlib.h"; sourceTree = SOURCE_ROOT; };
		221DCA472121103F00FDBCAA /* lj_trace.h */ = {isa = PBXFileReference; fileEncoding = 4; lastKnownFileType = sourcecode.c.h; name = lj_trace.h; path = "LuaJIT-2.0.5/src/lj_trace.h"; sourceTree = SOURCE_ROOT; };
		221DCA482121103F00FDBCAA /* lj_parse.h */ = {isa = PBXFileReference; fileEncoding = 4; lastKnownFileType = sourcecode.c.h; name = lj_parse.h; path = "LuaJIT-2.0.5/src/lj_parse.h"; sourceTree = SOURCE_ROOT; };
		221DCA492121103F00FDBCAA /* lj_snap.h */ = {isa = PBXFileReference; fileEncoding = 4; lastKnownFileType = sourcecode.c.h; name = lj_snap.h; path = "LuaJIT-2.0.5/src/lj_snap.h"; sourceTree = SOURCE_ROOT; };
		221DCA4A2121103F00FDBCAA /* lj_obj.h */ = {isa = PBXFileReference; fileEncoding = 4; lastKnownFileType = sourcecode.c.h; name = lj_obj.h; path = "LuaJIT-2.0.5/src/lj_obj.h"; sourceTree = SOURCE_ROOT; };
		221DCA4B2121103F00FDBCAA /* lj_asm_ppc.h */ = {isa = PBXFileReference; fileEncoding = 4; lastKnownFileType = sourcecode.c.h; name = lj_asm_ppc.h; path = "LuaJIT-2.0.5/src/lj_asm_ppc.h"; sourceTree = SOURCE_ROOT; };
		221DCA4C2121103F00FDBCAA /* lj_ccallback.h */ = {isa = PBXFileReference; fileEncoding = 4; lastKnownFileType = sourcecode.c.h; name = lj_ccallback.h; path = "LuaJIT-2.0.5/src/lj_ccallback.h"; sourceTree = SOURCE_ROOT; };
		221DCA4D2121103F00FDBCAA /* lj_err.h */ = {isa = PBXFileReference; fileEncoding = 4; lastKnownFileType = sourcecode.c.h; name = lj_err.h; path = "LuaJIT-2.0.5/src/lj_err.h"; sourceTree = SOURCE_ROOT; };
		221DCA4E2121103F00FDBCAA /* lj_recdef.h */ = {isa = PBXFileReference; fileEncoding = 4; lastKnownFileType = sourcecode.c.h; name = lj_recdef.h; path = "LuaJIT-2.0.5/src/lj_recdef.h"; sourceTree = SOURCE_ROOT; };
		221DCA4F2121103F00FDBCAA /* lj_target_x86.h */ = {isa = PBXFileReference; fileEncoding = 4; lastKnownFileType = sourcecode.c.h; name = lj_target_x86.h; path = "LuaJIT-2.0.5/src/lj_target_x86.h"; sourceTree = SOURCE_ROOT; };
		221DCA502121103F00FDBCAA /* buildvm_arch.h */ = {isa = PBXFileReference; fileEncoding = 4; lastKnownFileType = sourcecode.c.h; name = buildvm_arch.h; path = "LuaJIT-2.0.5/src/buildvm_arch.h"; sourceTree = SOURCE_ROOT; };
		221DCA512121104000FDBCAA /* lj_traceerr.h */ = {isa = PBXFileReference; fileEncoding = 4; lastKnownFileType = sourcecode.c.h; name = lj_traceerr.h; path = "LuaJIT-2.0.5/src/lj_traceerr.h"; sourceTree = SOURCE_ROOT; };
		221DCA522121104000FDBCAA /* lj_vm.h */ = {isa = PBXFileReference; fileEncoding = 4; lastKnownFileType = sourcecode.c.h; name = lj_vm.h; path = "LuaJIT-2.0.5/src/lj_vm.h"; sourceTree = SOURCE_ROOT; };
		221DCA532121104000FDBCAA /* luaconf.h */ = {isa = PBXFileReference; fileEncoding = 4; lastKnownFileType = sourcecode.c.h; name = luaconf.h; path = "LuaJIT-2.0.5/src/luaconf.h"; sourceTree = SOURCE_ROOT; };
		221DCA542121104000FDBCAA /* lj_asm_mips.h */ = {isa = PBXFileReference; fileEncoding = 4; lastKnownFileType = sourcecode.c.h; name = lj_asm_mips.h; path = "LuaJIT-2.0.5/src/lj_asm_mips.h"; sourceTree = SOURCE_ROOT; };
		221DCA552121104000FDBCAA /* lj_tab.h */ = {isa = PBXFileReference; fileEncoding = 4; lastKnownFileType = sourcecode.c.h; name = lj_tab.h; path = "LuaJIT-2.0.5/src/lj_tab.h"; sourceTree = SOURCE_ROOT; };
		221DCA562121104000FDBCAA /* lj_jit.h */ = {isa = PBXFileReference; fileEncoding = 4; lastKnownFileType = sourcecode.c.h; name = lj_jit.h; path = "LuaJIT-2.0.5/src/lj_jit.h"; sourceTree = SOURCE_ROOT; };
		221DCA572121104000FDBCAA /* lj_cdata.h */ = {isa = PBXFileReference; fileEncoding = 4; lastKnownFileType = sourcecode.c.h; name = lj_cdata.h; path = "LuaJIT-2.0.5/src/lj_cdata.h"; sourceTree = SOURCE_ROOT; };
		221DCA582121104000FDBCAA /* lj_ccall.h */ = {isa = PBXFileReference; fileEncoding = 4; lastKnownFileType = sourcecode.c.h; name = lj_ccall.h; path = "LuaJIT-2.0.5/src/lj_ccall.h"; sourceTree = SOURCE_ROOT; };
		221DCA592121104000FDBCAA /* lj_debug.h */ = {isa = PBXFileReference; fileEncoding = 4; lastKnownFileType = sourcecode.c.h; name = lj_debug.h; path = "LuaJIT-2.0.5/src/lj_debug.h"; sourceTree = SOURCE_ROOT; };
		221DCA5A2121104000FDBCAA /* lj_asm_arm.h */ = {isa = PBXFileReference; fileEncoding = 4; lastKnownFileType = sourcecode.c.h; name = lj_asm_arm.h; path = "LuaJIT-2.0.5/src/lj_asm_arm.h"; sourceTree = SOURCE_ROOT; };
		221DCA5B2121104000FDBCAA /* lj_asm_x86.h */ = {isa = PBXFileReference; fileEncoding = 4; lastKnownFileType = sourcecode.c.h; name = lj_asm_x86.h; path = "LuaJIT-2.0.5/src/lj_asm_x86.h"; sourceTree = SOURCE_ROOT; };
		221DCA5C2121104100FDBCAA /* lj_asm.h */ = {isa = PBXFileReference; fileEncoding = 4; lastKnownFileType = sourcecode.c.h; name = lj_asm.h; path = "LuaJIT-2.0.5/src/lj_asm.h"; sourceTree = SOURCE_ROOT; };
		221DCA5D2121104100FDBCAA /* lj_cparse.h */ = {isa = PBXFileReference; fileEncoding = 4; lastKnownFileType = sourcecode.c.h; name = lj_cparse.h; path = "LuaJIT-2.0.5/src/lj_cparse.h"; sourceTree = SOURCE_ROOT; };
		221DCA5E2121104100FDBCAA /* lj_emit_ppc.h */ = {isa = PBXFileReference; fileEncoding = 4; lastKnownFileType = sourcecode.c.h; name = lj_emit_ppc.h; path = "LuaJIT-2.0.5/src/lj_emit_ppc.h"; sourceTree = SOURCE_ROOT; };
		221DCA5F2121104100FDBCAA /* lj_char.h */ = {isa = PBXFileReference; fileEncoding = 4; lastKnownFileType = sourcecode.c.h; name = lj_char.h; path = "LuaJIT-2.0.5/src/lj_char.h"; sourceTree = SOURCE_ROOT; };
		221DCA602121104100FDBCAA /* buildvm.h */ = {isa = PBXFileReference; fileEncoding = 4; lastKnownFileType = sourcecode.c.h; name = buildvm.h; path = "LuaJIT-2.0.5/src/buildvm.h"; sourceTree = SOURCE_ROOT; };
		221DCA612121104100FDBCAA /* lj_ff.h */ = {isa = PBXFileReference; fileEncoding = 4; lastKnownFileType = sourcecode.c.h; name = lj_ff.h; path = "LuaJIT-2.0.5/src/lj_ff.h"; sourceTree = SOURCE_ROOT; };
		221DCA622121104100FDBCAA /* lj_gc.h */ = {isa = PBXFileReference; fileEncoding = 4; lastKnownFileType = sourcecode.c.h; name = lj_gc.h; path = "LuaJIT-2.0.5/src/lj_gc.h"; sourceTree = SOURCE_ROOT; };
		221DCA632121104100FDBCAA /* lj_gdbjit.h */ = {isa = PBXFileReference; fileEncoding = 4; lastKnownFileType = sourcecode.c.h; name = lj_gdbjit.h; path = "LuaJIT-2.0.5/src/lj_gdbjit.h"; sourceTree = SOURCE_ROOT; };
		221DCA642121104100FDBCAA /* lj_lib.h */ = {isa = PBXFileReference; fileEncoding = 4; lastKnownFileType = sourcecode.c.h; name = lj_lib.h; path = "LuaJIT-2.0.5/src/lj_lib.h"; sourceTree = SOURCE_ROOT; };
		221DCA652121104100FDBCAA /* lj_ir.h */ = {isa = PBXFileReference; fileEncoding = 4; lastKnownFileType = sourcecode.c.h; name = lj_ir.h; path = "LuaJIT-2.0.5/src/lj_ir.h"; sourceTree = SOURCE_ROOT; };
		221DCA662121104200FDBCAA /* lj_mcode.h */ = {isa = PBXFileReference; fileEncoding = 4; lastKnownFileType = sourcecode.c.h; name = lj_mcode.h; path = "LuaJIT-2.0.5/src/lj_mcode.h"; sourceTree = SOURCE_ROOT; };
		221DCA672121104200FDBCAA /* lj_clib.h */ = {isa = PBXFileReference; fileEncoding = 4; lastKnownFileType = sourcecode.c.h; name = lj_clib.h; path = "LuaJIT-2.0.5/src/lj_clib.h"; sourceTree = SOURCE_ROOT; };
		221DCA682121104200FDBCAA /* lj_ircall.h */ = {isa = PBXFileReference; fileEncoding = 4; lastKnownFileType = sourcecode.c.h; name = lj_ircall.h; path = "LuaJIT-2.0.5/src/lj_ircall.h"; sourceTree = SOURCE_ROOT; };
		221DCA692121104200FDBCAA /* lj_meta.h */ = {isa = PBXFileReference; fileEncoding = 4; lastKnownFileType = sourcecode.c.h; name = lj_meta.h; path = "LuaJIT-2.0.5/src/lj_meta.h"; sourceTree = SOURCE_ROOT; };
		221DCA6A2121104200FDBCAA /* lj_def.h */ = {isa = PBXFileReference; fileEncoding = 4; lastKnownFileType = sourcecode.c.h; name = lj_def.h; path = "LuaJIT-2.0.5/src/lj_def.h"; sourceTree = SOURCE_ROOT; };
		221DCA6B2121104200FDBCAA /* lj_str.h */ = {isa = PBXFileReference; fileEncoding = 4; lastKnownFileType = sourcecode.c.h; name = lj_str.h; path = "LuaJIT-2.0.5/src/lj_str.h"; sourceTree = SOURCE_ROOT; };
		221DCA6C2121104200FDBCAA /* lj_strscan.h */ = {isa = PBXFileReference; fileEncoding = 4; lastKnownFileType = sourcecode.c.h; name = lj_strscan.h; path = "LuaJIT-2.0.5/src/lj_strscan.h"; sourceTree = SOURCE_ROOT; };
		221DCA6D2121104200FDBCAA /* lj_target_ppc.h */ = {isa = PBXFileReference; fileEncoding = 4; lastKnownFileType = sourcecode.c.h; name = lj_target_ppc.h; path = "LuaJIT-2.0.5/src/lj_target_ppc.h"; sourceTree = SOURCE_ROOT; };
		221DCA6E2121104200FDBCAA /* lua.h */ = {isa = PBXFileReference; fileEncoding = 4; lastKnownFileType = sourcecode.c.h; name = lua.h; path = "LuaJIT-2.0.5/src/lua.h"; sourceTree = SOURCE_ROOT; };
		221DCA6F2121104200FDBCAA /* lj_alloc.h */ = {isa = PBXFileReference; fileEncoding = 4; lastKnownFileType = sourcecode.c.h; name = lj_alloc.h; path = "LuaJIT-2.0.5/src/lj_alloc.h"; sourceTree = SOURCE_ROOT; };
		221DCA702121104200FDBCAA /* lj_dispatch.h */ = {isa = PBXFileReference; fileEncoding = 4; lastKnownFileType = sourcecode.c.h; name = lj_dispatch.h; path = "LuaJIT-2.0.5/src/lj_dispatch.h"; sourceTree = SOURCE_ROOT; };
		221DCA712121104200FDBCAA /* lj_udata.h */ = {isa = PBXFileReference; fileEncoding = 4; lastKnownFileType = sourcecode.c.h; name = lj_udata.h; path = "LuaJIT-2.0.5/src/lj_udata.h"; sourceTree = SOURCE_ROOT; };
		221DCA722121104300FDBCAA /* lualib.h */ = {isa = PBXFileReference; fileEncoding = 4; lastKnownFileType = sourcecode.c.h; name = lualib.h; path = "LuaJIT-2.0.5/src/lualib.h"; sourceTree = SOURCE_ROOT; };
		4F478F0A1DE6251400E0DC38 /* lobjectivec_exceptions.h */ = {isa = PBXFileReference; fileEncoding = 4; lastKnownFileType = sourcecode.c.h; path = lobjectivec_exceptions.h; sourceTree = "<group>"; };
		4F478F0B1DE6251400E0DC38 /* lobjectivec_exceptions.m */ = {isa = PBXFileReference; fileEncoding = 4; lastKnownFileType = sourcecode.c.objc; path = lobjectivec_exceptions.m; sourceTree = "<group>"; };
		4FDC203C1E117F7500EDA72E /* luaskin.lua */ = {isa = PBXFileReference; fileEncoding = 4; lastKnownFileType = text; path = luaskin.lua; sourceTree = "<group>"; };
		4FDD8E771C850AC800085D7A /* lsunit.lua */ = {isa = PBXFileReference; fileEncoding = 4; lastKnownFileType = text; path = lsunit.lua; sourceTree = "<group>"; };
		4FDD8E7F1C85A09600085D7A /* testinit.lua */ = {isa = PBXFileReference; fileEncoding = 4; lastKnownFileType = text; path = testinit.lua; sourceTree = "<group>"; };
		4FEF594F1B29CE06002344A7 /* LuaSkin.framework */ = {isa = PBXFileReference; explicitFileType = wrapper.framework; includeInIndex = 0; path = LuaSkin.framework; sourceTree = BUILT_PRODUCTS_DIR; };
		4FEF59531B29CE06002344A7 /* Info.plist */ = {isa = PBXFileReference; lastKnownFileType = text.plist.xml; path = Info.plist; sourceTree = "<group>"; };
		4FEF59541B29CE06002344A7 /* LuaSkin.h */ = {isa = PBXFileReference; lastKnownFileType = sourcecode.c.h; path = LuaSkin.h; sourceTree = "<group>"; };
		4FEF595A1B29CE06002344A7 /* LuaSkinTests.xctest */ = {isa = PBXFileReference; explicitFileType = wrapper.cfbundle; includeInIndex = 0; path = LuaSkinTests.xctest; sourceTree = BUILT_PRODUCTS_DIR; };
		4FEF59601B29CE06002344A7 /* Info.plist */ = {isa = PBXFileReference; lastKnownFileType = text.plist.xml; path = Info.plist; sourceTree = "<group>"; };
		4FEF59611B29CE06002344A7 /* LuaSkinTests.m */ = {isa = PBXFileReference; lastKnownFileType = sourcecode.c.objc; lineEnding = 0; path = LuaSkinTests.m; sourceTree = "<group>"; xcLanguageSpecificationIdentifier = xcode.lang.objc; };
		4FEF596F1B29D0FB002344A7 /* Skin.h */ = {isa = PBXFileReference; fileEncoding = 4; lastKnownFileType = sourcecode.c.h; lineEnding = 0; path = Skin.h; sourceTree = "<group>"; xcLanguageSpecificationIdentifier = xcode.lang.objcpp; };
		4FEF59701B29D0FB002344A7 /* Skin.m */ = {isa = PBXFileReference; fileEncoding = 4; lastKnownFileType = sourcecode.c.objc; lineEnding = 0; path = Skin.m; sourceTree = "<group>"; xcLanguageSpecificationIdentifier = xcode.lang.objc; };
/* End PBXFileReference section */

/* Begin PBXFrameworksBuildPhase section */
		4FEF594B1B29CE06002344A7 /* Frameworks */ = {
			isa = PBXFrameworksBuildPhase;
			buildActionMask = 2147483647;
			files = (
				221DC99821210B7B00FDBCAA /* libluajit.a in Frameworks */,
			);
			runOnlyForDeploymentPostprocessing = 0;
		};
		4FEF59571B29CE06002344A7 /* Frameworks */ = {
			isa = PBXFrameworksBuildPhase;
			buildActionMask = 2147483647;
			files = (
				4FEF595B1B29CE06002344A7 /* LuaSkin.framework in Frameworks */,
			);
			runOnlyForDeploymentPostprocessing = 0;
		};
/* End PBXFrameworksBuildPhase section */

/* Begin PBXGroup section */
		221DC99621210B6600FDBCAA /* LuaJIT-2.0.5 */ = {
			isa = PBXGroup;
			children = (
				221DCA2A2121102800FDBCAA /* Headers */,
				221DC99721210B7B00FDBCAA /* libluajit.a */,
			);
			name = "LuaJIT-2.0.5";
			path = "New Group";
			sourceTree = "<group>";
		};
		221DCA2A2121102800FDBCAA /* Headers */ = {
			isa = PBXGroup;
			children = (
				221DCA502121103F00FDBCAA /* buildvm_arch.h */,
				221DCA602121104100FDBCAA /* buildvm.h */,
				221DCA462121103E00FDBCAA /* lauxlib.h */,
				221DCA6F2121104200FDBCAA /* lj_alloc.h */,
				221DCA442121103E00FDBCAA /* lj_arch.h */,
				221DCA5A2121104000FDBCAA /* lj_asm_arm.h */,
				221DCA542121104000FDBCAA /* lj_asm_mips.h */,
				221DCA4B2121103F00FDBCAA /* lj_asm_ppc.h */,
				221DCA5B2121104000FDBCAA /* lj_asm_x86.h */,
				221DCA5C2121104100FDBCAA /* lj_asm.h */,
				221DCA2E2121103D00FDBCAA /* lj_bc.h */,
				221DCA352121103D00FDBCAA /* lj_bcdef.h */,
				221DCA382121103D00FDBCAA /* lj_bcdump.h */,
				221DCA2C2121103C00FDBCAA /* lj_carith.h */,
				221DCA582121104000FDBCAA /* lj_ccall.h */,
				221DCA4C2121103F00FDBCAA /* lj_ccallback.h */,
				221DCA392121103D00FDBCAA /* lj_cconv.h */,
				221DCA572121104000FDBCAA /* lj_cdata.h */,
				221DCA5F2121104100FDBCAA /* lj_char.h */,
				221DCA672121104200FDBCAA /* lj_clib.h */,
				221DCA5D2121104100FDBCAA /* lj_cparse.h */,
				221DCA3A2121103D00FDBCAA /* lj_crecord.h */,
				221DCA2D2121103D00FDBCAA /* lj_ctype.h */,
				221DCA592121104000FDBCAA /* lj_debug.h */,
				221DCA6A2121104200FDBCAA /* lj_def.h */,
				221DCA702121104200FDBCAA /* lj_dispatch.h */,
				221DCA422121103E00FDBCAA /* lj_emit_arm.h */,
				221DCA402121103E00FDBCAA /* lj_emit_mips.h */,
				221DCA5E2121104100FDBCAA /* lj_emit_ppc.h */,
				221DCA372121103D00FDBCAA /* lj_emit_x86.h */,
				221DCA4D2121103F00FDBCAA /* lj_err.h */,
				221DCA3B2121103D00FDBCAA /* lj_errmsg.h */,
				221DCA612121104100FDBCAA /* lj_ff.h */,
				221DCA412121103E00FDBCAA /* lj_ffdef.h */,
				221DCA452121103E00FDBCAA /* lj_ffrecord.h */,
				221DCA3E2121103E00FDBCAA /* lj_folddef.h */,
				221DCA432121103E00FDBCAA /* lj_frame.h */,
				221DCA302121103D00FDBCAA /* lj_func.h */,
				221DCA622121104100FDBCAA /* lj_gc.h */,
				221DCA632121104100FDBCAA /* lj_gdbjit.h */,
				221DCA652121104100FDBCAA /* lj_ir.h */,
				221DCA682121104200FDBCAA /* lj_ircall.h */,
				221DCA2F2121103D00FDBCAA /* lj_iropt.h */,
				221DCA562121104000FDBCAA /* lj_jit.h */,
				221DCA2B2121103C00FDBCAA /* lj_lex.h */,
				221DCA642121104100FDBCAA /* lj_lib.h */,
				221DCA312121103D00FDBCAA /* lj_libdef.h */,
				221DCA662121104200FDBCAA /* lj_mcode.h */,
				221DCA692121104200FDBCAA /* lj_meta.h */,
				221DCA4A2121103F00FDBCAA /* lj_obj.h */,
				221DCA482121103F00FDBCAA /* lj_parse.h */,
				221DCA4E2121103F00FDBCAA /* lj_recdef.h */,
				221DCA342121103D00FDBCAA /* lj_record.h */,
				221DCA492121103F00FDBCAA /* lj_snap.h */,
				221DCA3D2121103E00FDBCAA /* lj_state.h */,
				221DCA6B2121104200FDBCAA /* lj_str.h */,
				221DCA6C2121104200FDBCAA /* lj_strscan.h */,
				221DCA552121104000FDBCAA /* lj_tab.h */,
				221DCA322121103D00FDBCAA /* lj_target_arm.h */,
				221DCA362121103D00FDBCAA /* lj_target_mips.h */,
				221DCA6D2121104200FDBCAA /* lj_target_ppc.h */,
				221DCA4F2121103F00FDBCAA /* lj_target_x86.h */,
				221DCA332121103D00FDBCAA /* lj_target.h */,
				221DCA472121103F00FDBCAA /* lj_trace.h */,
				221DCA512121104000FDBCAA /* lj_traceerr.h */,
				221DCA712121104200FDBCAA /* lj_udata.h */,
				221DCA522121104000FDBCAA /* lj_vm.h */,
				221DCA3C2121103D00FDBCAA /* lj_vmevent.h */,
				221DCA6E2121104200FDBCAA /* lua.h */,
				221DCA532121104000FDBCAA /* luaconf.h */,
				221DCA3F2121103E00FDBCAA /* luajit.h */,
				221DCA722121104300FDBCAA /* lualib.h */,
			);
			path = Headers;
			sourceTree = "<group>";
		};
		4FEF59451B29CE06002344A7 = {
			isa = PBXGroup;
			children = (
				221DC99621210B6600FDBCAA /* LuaJIT-2.0.5 */,
				4FEF59511B29CE06002344A7 /* LuaSkin */,
				4FEF595E1B29CE06002344A7 /* LuaSkinTests */,
				4FEF59501B29CE06002344A7 /* Products */,
			);
			sourceTree = "<group>";
		};
		4FEF59501B29CE06002344A7 /* Products */ = {
			isa = PBXGroup;
			children = (
				4FEF594F1B29CE06002344A7 /* LuaSkin.framework */,
				4FEF595A1B29CE06002344A7 /* LuaSkinTests.xctest */,
			);
			name = Products;
			sourceTree = "<group>";
		};
		4FEF59511B29CE06002344A7 /* LuaSkin */ = {
			isa = PBXGroup;
			children = (
				4F478F0A1DE6251400E0DC38 /* lobjectivec_exceptions.h */,
				4F478F0B1DE6251400E0DC38 /* lobjectivec_exceptions.m */,
				4FEF59541B29CE06002344A7 /* LuaSkin.h */,
				4FEF59521B29CE06002344A7 /* Supporting Files */,
				4FEF596F1B29D0FB002344A7 /* Skin.h */,
				4FEF59701B29D0FB002344A7 /* Skin.m */,
				4FDC203C1E117F7500EDA72E /* luaskin.lua */,
			);
			path = LuaSkin;
			sourceTree = "<group>";
		};
		4FEF59521B29CE06002344A7 /* Supporting Files */ = {
			isa = PBXGroup;
			children = (
				4FEF59531B29CE06002344A7 /* Info.plist */,
			);
			name = "Supporting Files";
			sourceTree = "<group>";
		};
		4FEF595E1B29CE06002344A7 /* LuaSkinTests */ = {
			isa = PBXGroup;
			children = (
				4FDD8E771C850AC800085D7A /* lsunit.lua */,
				4FDD8E7F1C85A09600085D7A /* testinit.lua */,
				4FEF59611B29CE06002344A7 /* LuaSkinTests.m */,
				4FEF595F1B29CE06002344A7 /* Supporting Files */,
			);
			path = LuaSkinTests;
			sourceTree = "<group>";
		};
		4FEF595F1B29CE06002344A7 /* Supporting Files */ = {
			isa = PBXGroup;
			children = (
				4FEF59601B29CE06002344A7 /* Info.plist */,
			);
			name = "Supporting Files";
			sourceTree = "<group>";
		};
/* End PBXGroup section */

/* Begin PBXHeadersBuildPhase section */
		4FEF594C1B29CE06002344A7 /* Headers */ = {
			isa = PBXHeadersBuildPhase;
			buildActionMask = 2147483647;
			files = (
				221DCA782121104300FDBCAA /* lj_func.h in Headers */,
				221DCAA72121104300FDBCAA /* lj_char.h in Headers */,
				221DCAA22121104300FDBCAA /* lj_asm_arm.h in Headers */,
				221DCAAE2121104300FDBCAA /* lj_mcode.h in Headers */,
				221DCAA92121104300FDBCAA /* lj_ff.h in Headers */,
				221DCA972121104300FDBCAA /* lj_target_x86.h in Headers */,
				221DCA802121104300FDBCAA /* lj_bcdump.h in Headers */,
				221DCA9A2121104300FDBCAA /* lj_vm.h in Headers */,
				221DCA9F2121104300FDBCAA /* lj_cdata.h in Headers */,
				221DCA8C2121104300FDBCAA /* lj_arch.h in Headers */,
				221DCA752121104300FDBCAA /* lj_ctype.h in Headers */,
				221DCAAF2121104300FDBCAA /* lj_clib.h in Headers */,
				221DCAB92121104300FDBCAA /* lj_udata.h in Headers */,
				4FEF59551B29CE06002344A7 /* LuaSkin.h in Headers */,
				221DCAB02121104300FDBCAA /* lj_ircall.h in Headers */,
				221DCA912121104300FDBCAA /* lj_snap.h in Headers */,
				221DCA7D2121104300FDBCAA /* lj_bcdef.h in Headers */,
				221DCA792121104300FDBCAA /* lj_libdef.h in Headers */,
				221DCA772121104300FDBCAA /* lj_iropt.h in Headers */,
				221DCAA32121104300FDBCAA /* lj_asm_x86.h in Headers */,
				221DCAB62121104300FDBCAA /* lua.h in Headers */,
				221DCAB52121104300FDBCAA /* lj_target_ppc.h in Headers */,
				221DCA9D2121104300FDBCAA /* lj_tab.h in Headers */,
				221DCA8E2121104300FDBCAA /* lauxlib.h in Headers */,
				221DCA992121104300FDBCAA /* lj_traceerr.h in Headers */,
				221DCAB82121104300FDBCAA /* lj_dispatch.h in Headers */,
				221DCA9C2121104300FDBCAA /* lj_asm_mips.h in Headers */,
				221DCA832121104300FDBCAA /* lj_errmsg.h in Headers */,
				221DCAB72121104300FDBCAA /* lj_alloc.h in Headers */,
				221DCA852121104300FDBCAA /* lj_state.h in Headers */,
				221DCA842121104300FDBCAA /* lj_vmevent.h in Headers */,
				221DCA8D2121104300FDBCAA /* lj_ffrecord.h in Headers */,
				221DCA892121104300FDBCAA /* lj_ffdef.h in Headers */,
				221DCA742121104300FDBCAA /* lj_carith.h in Headers */,
				221DCAB42121104300FDBCAA /* lj_strscan.h in Headers */,
				221DCA922121104300FDBCAA /* lj_obj.h in Headers */,
				221DCA9B2121104300FDBCAA /* luaconf.h in Headers */,
				221DCA942121104300FDBCAA /* lj_ccallback.h in Headers */,
				221DCAA62121104300FDBCAA /* lj_emit_ppc.h in Headers */,
				221DCA8F2121104300FDBCAA /* lj_trace.h in Headers */,
				221DCAA42121104300FDBCAA /* lj_asm.h in Headers */,
				221DCA962121104300FDBCAA /* lj_recdef.h in Headers */,
				221DCA902121104300FDBCAA /* lj_parse.h in Headers */,
				221DCAAC2121104300FDBCAA /* lj_lib.h in Headers */,
				221DCA7A2121104300FDBCAA /* lj_target_arm.h in Headers */,
				221DCA762121104300FDBCAA /* lj_bc.h in Headers */,
				221DCA8B2121104300FDBCAA /* lj_frame.h in Headers */,
				221DCA812121104300FDBCAA /* lj_cconv.h in Headers */,
				221DCA822121104300FDBCAA /* lj_crecord.h in Headers */,
				221DCA952121104300FDBCAA /* lj_err.h in Headers */,
				221DCAB22121104300FDBCAA /* lj_def.h in Headers */,
				221DCABA2121104300FDBCAA /* lualib.h in Headers */,
				221DCA982121104300FDBCAA /* buildvm_arch.h in Headers */,
				221DCA872121104300FDBCAA /* luajit.h in Headers */,
				221DCAA02121104300FDBCAA /* lj_ccall.h in Headers */,
				221DCA882121104300FDBCAA /* lj_emit_mips.h in Headers */,
				221DCA8A2121104300FDBCAA /* lj_emit_arm.h in Headers */,
				221DCAB12121104300FDBCAA /* lj_meta.h in Headers */,
				4FEF59711B29D0FB002344A7 /* Skin.h in Headers */,
				221DCA9E2121104300FDBCAA /* lj_jit.h in Headers */,
				221DCAA52121104300FDBCAA /* lj_cparse.h in Headers */,
				221DCA7C2121104300FDBCAA /* lj_record.h in Headers */,
				221DCA932121104300FDBCAA /* lj_asm_ppc.h in Headers */,
				221DCAB32121104300FDBCAA /* lj_str.h in Headers */,
				221DCAAB2121104300FDBCAA /* lj_gdbjit.h in Headers */,
				221DCAA12121104300FDBCAA /* lj_debug.h in Headers */,
				221DCAA82121104300FDBCAA /* buildvm.h in Headers */,
				221DCA862121104300FDBCAA /* lj_folddef.h in Headers */,
				221DCA7B2121104300FDBCAA /* lj_target.h in Headers */,
				221DCAAA2121104300FDBCAA /* lj_gc.h in Headers */,
				221DCAAD2121104300FDBCAA /* lj_ir.h in Headers */,
				221DCA7F2121104300FDBCAA /* lj_emit_x86.h in Headers */,
				221DCA7E2121104300FDBCAA /* lj_target_mips.h in Headers */,
				221DCA732121104300FDBCAA /* lj_lex.h in Headers */,
			);
			runOnlyForDeploymentPostprocessing = 0;
		};
/* End PBXHeadersBuildPhase section */

/* Begin PBXNativeTarget section */
		4FEF594E1B29CE06002344A7 /* LuaSkin */ = {
			isa = PBXNativeTarget;
			buildConfigurationList = 4FEF59651B29CE06002344A7 /* Build configuration list for PBXNativeTarget "LuaSkin" */;
			buildPhases = (
				4FEF594A1B29CE06002344A7 /* Sources */,
				4FEF594B1B29CE06002344A7 /* Frameworks */,
				4FEF594C1B29CE06002344A7 /* Headers */,
				4FEF594D1B29CE06002344A7 /* Resources */,
			);
			buildRules = (
			);
			dependencies = (
			);
			name = LuaSkin;
			productName = LuaSkin;
			productReference = 4FEF594F1B29CE06002344A7 /* LuaSkin.framework */;
			productType = "com.apple.product-type.framework";
		};
		4FEF59591B29CE06002344A7 /* LuaSkinTests */ = {
			isa = PBXNativeTarget;
			buildConfigurationList = 4FEF59681B29CE06002344A7 /* Build configuration list for PBXNativeTarget "LuaSkinTests" */;
			buildPhases = (
				4FEF59561B29CE06002344A7 /* Sources */,
				4FEF59571B29CE06002344A7 /* Frameworks */,
				4FEF59581B29CE06002344A7 /* Resources */,
			);
			buildRules = (
			);
			dependencies = (
				4FEF595D1B29CE06002344A7 /* PBXTargetDependency */,
			);
			name = LuaSkinTests;
			productName = LuaSkinTests;
			productReference = 4FEF595A1B29CE06002344A7 /* LuaSkinTests.xctest */;
			productType = "com.apple.product-type.bundle.unit-test";
		};
/* End PBXNativeTarget section */

/* Begin PBXProject section */
		4FEF59461B29CE06002344A7 /* Project object */ = {
			isa = PBXProject;
			attributes = {
				LastUpgradeCheck = 0930;
				ORGANIZATIONNAME = Hammerspoon;
				TargetAttributes = {
					4FEF594E1B29CE06002344A7 = {
						CreatedOnToolsVersion = 6.3.2;
					};
					4FEF59591B29CE06002344A7 = {
						CreatedOnToolsVersion = 6.3.2;
					};
				};
			};
			buildConfigurationList = 4FEF59491B29CE06002344A7 /* Build configuration list for PBXProject "LuaSkin" */;
			compatibilityVersion = "Xcode 3.2";
			developmentRegion = English;
			hasScannedForEncodings = 0;
			knownRegions = (
				en,
			);
			mainGroup = 4FEF59451B29CE06002344A7;
			productRefGroup = 4FEF59501B29CE06002344A7 /* Products */;
			projectDirPath = "";
			projectRoot = "";
			targets = (
				4FEF594E1B29CE06002344A7 /* LuaSkin */,
				4FEF59591B29CE06002344A7 /* LuaSkinTests */,
			);
		};
/* End PBXProject section */

/* Begin PBXResourcesBuildPhase section */
		4FEF594D1B29CE06002344A7 /* Resources */ = {
			isa = PBXResourcesBuildPhase;
			buildActionMask = 2147483647;
			files = (
				4FDC203D1E117F7500EDA72E /* luaskin.lua in Resources */,
			);
			runOnlyForDeploymentPostprocessing = 0;
		};
		4FEF59581B29CE06002344A7 /* Resources */ = {
			isa = PBXResourcesBuildPhase;
			buildActionMask = 2147483647;
			files = (
				4FDD8E801C85A09600085D7A /* testinit.lua in Resources */,
				4FDD8E781C850AC800085D7A /* lsunit.lua in Resources */,
			);
			runOnlyForDeploymentPostprocessing = 0;
		};
/* End PBXResourcesBuildPhase section */

/* Begin PBXSourcesBuildPhase section */
		4FEF594A1B29CE06002344A7 /* Sources */ = {
			isa = PBXSourcesBuildPhase;
			buildActionMask = 2147483647;
			files = (
				4FEF59721B29D0FB002344A7 /* Skin.m in Sources */,
			);
			runOnlyForDeploymentPostprocessing = 0;
		};
		4FEF59561B29CE06002344A7 /* Sources */ = {
			isa = PBXSourcesBuildPhase;
			buildActionMask = 2147483647;
			files = (
				4FEF59621B29CE06002344A7 /* LuaSkinTests.m in Sources */,
			);
			runOnlyForDeploymentPostprocessing = 0;
		};
/* End PBXSourcesBuildPhase section */

/* Begin PBXTargetDependency section */
		4FEF595D1B29CE06002344A7 /* PBXTargetDependency */ = {
			isa = PBXTargetDependency;
			target = 4FEF594E1B29CE06002344A7 /* LuaSkin */;
			targetProxy = 4FEF595C1B29CE06002344A7 /* PBXContainerItemProxy */;
		};
/* End PBXTargetDependency section */

/* Begin XCBuildConfiguration section */
		4F0454E120F1480E00699F29 /* Profile */ = {
			isa = XCBuildConfiguration;
			buildSettings = {
				ALWAYS_SEARCH_USER_PATHS = NO;
				CLANG_CXX_LANGUAGE_STANDARD = "gnu++0x";
				CLANG_CXX_LIBRARY = "libc++";
				CLANG_ENABLE_MODULES = YES;
				CLANG_ENABLE_OBJC_ARC = YES;
				CLANG_WARN_BLOCK_CAPTURE_AUTORELEASING = YES;
				CLANG_WARN_BOOL_CONVERSION = YES;
				CLANG_WARN_COMMA = YES;
				CLANG_WARN_CONSTANT_CONVERSION = YES;
				CLANG_WARN_DEPRECATED_OBJC_IMPLEMENTATIONS = YES;
				CLANG_WARN_DIRECT_OBJC_ISA_USAGE = YES_ERROR;
				CLANG_WARN_EMPTY_BODY = YES;
				CLANG_WARN_ENUM_CONVERSION = YES;
				CLANG_WARN_INFINITE_RECURSION = YES;
				CLANG_WARN_INT_CONVERSION = YES;
				CLANG_WARN_NON_LITERAL_NULL_CONVERSION = YES;
				CLANG_WARN_OBJC_IMPLICIT_RETAIN_SELF = YES;
				CLANG_WARN_OBJC_LITERAL_CONVERSION = YES;
				CLANG_WARN_OBJC_ROOT_CLASS = YES_ERROR;
				CLANG_WARN_RANGE_LOOP_ANALYSIS = YES;
				CLANG_WARN_STRICT_PROTOTYPES = YES;
				CLANG_WARN_SUSPICIOUS_MOVE = YES;
				CLANG_WARN_UNREACHABLE_CODE = YES;
				CLANG_WARN__DUPLICATE_METHOD_MATCH = YES;
				COPY_PHASE_STRIP = NO;
				CURRENT_PROJECT_VERSION = 1;
				DEBUG_INFORMATION_FORMAT = "dwarf-with-dsym";
				ENABLE_STRICT_OBJC_MSGSEND = YES;
				ENABLE_TESTABILITY = YES;
				GCC_C_LANGUAGE_STANDARD = gnu99;
				GCC_DYNAMIC_NO_PIC = NO;
				GCC_NO_COMMON_BLOCKS = YES;
				GCC_OPTIMIZATION_LEVEL = 0;
				GCC_PREPROCESSOR_DEFINITIONS = (
					"DEBUG=1",
					"$(inherited)",
				);
				GCC_SYMBOLS_PRIVATE_EXTERN = NO;
				GCC_WARN_64_TO_32_BIT_CONVERSION = YES;
				GCC_WARN_ABOUT_RETURN_TYPE = YES_ERROR;
				GCC_WARN_UNDECLARED_SELECTOR = YES;
				GCC_WARN_UNINITIALIZED_AUTOS = YES_AGGRESSIVE;
				GCC_WARN_UNUSED_FUNCTION = YES;
				GCC_WARN_UNUSED_VARIABLE = YES;
				MACOSX_DEPLOYMENT_TARGET = 10.10;
				MTL_ENABLE_DEBUG_INFO = YES;
				ONLY_ACTIVE_ARCH = YES;
				SDKROOT = macosx;
				STRIP_INSTALLED_PRODUCT = NO;
				VERSIONING_SYSTEM = "apple-generic";
				VERSION_INFO_PREFIX = "";
				WARNING_CFLAGS = (
					"-Weverything",
					"-Wno-cstring-format-directive",
					"-Wno-padded",
					"-Wno-auto-import",
					"-Wno-missing-variable-declarations",
					"-Wno-objc-missing-property-synthesis",
					"-Wno-cast-qual",
					"-Wno-gnu-zero-variadic-macro-arguments",
				);
			};
			name = Profile;
		};
		4F0454E220F1480E00699F29 /* Profile */ = {
			isa = XCBuildConfiguration;
			buildSettings = {
				CLANG_ANALYZER_DEADCODE_DEADSTORES = NO;
				CLANG_ANALYZER_SECURITY_FLOATLOOPCOUNTER = YES;
				CLANG_ANALYZER_SECURITY_INSECUREAPI_RAND = YES;
				CLANG_ANALYZER_SECURITY_INSECUREAPI_STRCPY = YES;
				CLANG_WARN_ASSIGN_ENUM = YES;
				CLANG_WARN_DEPRECATED_OBJC_IMPLEMENTATIONS = YES;
				CLANG_WARN_DOCUMENTATION_COMMENTS = YES;
				CLANG_WARN_IMPLICIT_SIGN_CONVERSION = YES;
				CLANG_WARN_OBJC_EXPLICIT_OWNERSHIP_TYPE = YES;
				CLANG_WARN_OBJC_IMPLICIT_ATOMIC_PROPERTIES = YES;
				CLANG_WARN_OBJC_IMPLICIT_RETAIN_SELF = YES;
				CLANG_WARN_OBJC_MISSING_PROPERTY_SYNTHESIS = YES;
				CLANG_WARN_OBJC_RECEIVER_WEAK = YES;
				CLANG_WARN_OBJC_REPEATED_USE_OF_WEAK = YES;
				CLANG_WARN_SUSPICIOUS_IMPLICIT_CONVERSION = YES;
				COMBINE_HIDPI_IMAGES = YES;
				DEFINES_MODULE = YES;
				DYLIB_COMPATIBILITY_VERSION = 1;
				DYLIB_CURRENT_VERSION = 1;
				DYLIB_INSTALL_NAME_BASE = "@rpath";
				GCC_TREAT_IMPLICIT_FUNCTION_DECLARATIONS_AS_ERRORS = YES;
				GCC_TREAT_INCOMPATIBLE_POINTER_TYPE_WARNINGS_AS_ERRORS = YES;
				GCC_TREAT_WARNINGS_AS_ERRORS = YES;
				GCC_WARN_ABOUT_MISSING_FIELD_INITIALIZERS = YES;
				GCC_WARN_ABOUT_MISSING_NEWLINE = YES;
				GCC_WARN_ABOUT_MISSING_PROTOTYPES = YES;
				GCC_WARN_INITIALIZER_NOT_FULLY_BRACKETED = YES;
				GCC_WARN_MULTIPLE_DEFINITION_TYPES_FOR_SELECTOR = YES;
				GCC_WARN_PEDANTIC = YES;
				GCC_WARN_SHADOW = YES;
				GCC_WARN_SIGN_COMPARE = YES;
				GCC_WARN_STRICT_SELECTOR_MATCH = YES;
				GCC_WARN_UNKNOWN_PRAGMAS = YES;
				GCC_WARN_UNUSED_LABEL = YES;
				GCC_WARN_UNUSED_PARAMETER = YES;
				INFOPLIST_FILE = LuaSkin/Info.plist;
				INSTALL_PATH = "$(LOCAL_LIBRARY_DIR)/Frameworks";
				LD_RUNPATH_SEARCH_PATHS = "$(inherited) @executable_path/../Frameworks @loader_path/Frameworks";
				LIBRARY_SEARCH_PATHS = (
					"$(inherited)",
					"$(PROJECT_DIR)/LuaJIT-2.0.5/src",
				);
				PRODUCT_BUNDLE_IDENTIFIER = "org.hammerspoon.$(PRODUCT_NAME:rfc1034identifier)";
				PRODUCT_NAME = "$(TARGET_NAME)";
				SKIP_INSTALL = YES;
				WARNING_CFLAGS = "";
			};
			name = Profile;
		};
		4F0454E320F1480E00699F29 /* Profile */ = {
			isa = XCBuildConfiguration;
			buildSettings = {
				COMBINE_HIDPI_IMAGES = YES;
				FRAMEWORK_SEARCH_PATHS = (
					"$(DEVELOPER_FRAMEWORKS_DIR)",
					"$(inherited)",
				);
				GCC_PREPROCESSOR_DEFINITIONS = (
					"DEBUG=1",
					"$(inherited)",
				);
				INFOPLIST_FILE = LuaSkinTests/Info.plist;
				LD_RUNPATH_SEARCH_PATHS = "$(inherited) @executable_path/../Frameworks @loader_path/../Frameworks";
				PRODUCT_BUNDLE_IDENTIFIER = "org.hammerspoon.$(PRODUCT_NAME:rfc1034identifier)";
				PRODUCT_NAME = "$(TARGET_NAME)";
				WARNING_CFLAGS = "";
			};
			name = Profile;
		};
		4FEF59631B29CE06002344A7 /* Debug */ = {
			isa = XCBuildConfiguration;
			buildSettings = {
				ALWAYS_SEARCH_USER_PATHS = NO;
				CLANG_CXX_LANGUAGE_STANDARD = "gnu++0x";
				CLANG_CXX_LIBRARY = "libc++";
				CLANG_ENABLE_MODULES = YES;
				CLANG_ENABLE_OBJC_ARC = YES;
				CLANG_WARN_BLOCK_CAPTURE_AUTORELEASING = YES;
				CLANG_WARN_BOOL_CONVERSION = YES;
				CLANG_WARN_COMMA = YES;
				CLANG_WARN_CONSTANT_CONVERSION = YES;
				CLANG_WARN_DEPRECATED_OBJC_IMPLEMENTATIONS = YES;
				CLANG_WARN_DIRECT_OBJC_ISA_USAGE = YES_ERROR;
				CLANG_WARN_EMPTY_BODY = YES;
				CLANG_WARN_ENUM_CONVERSION = YES;
				CLANG_WARN_INFINITE_RECURSION = YES;
				CLANG_WARN_INT_CONVERSION = YES;
				CLANG_WARN_NON_LITERAL_NULL_CONVERSION = YES;
				CLANG_WARN_OBJC_IMPLICIT_RETAIN_SELF = YES;
				CLANG_WARN_OBJC_LITERAL_CONVERSION = YES;
				CLANG_WARN_OBJC_ROOT_CLASS = YES_ERROR;
				CLANG_WARN_RANGE_LOOP_ANALYSIS = YES;
				CLANG_WARN_STRICT_PROTOTYPES = YES;
				CLANG_WARN_SUSPICIOUS_MOVE = YES;
				CLANG_WARN_UNREACHABLE_CODE = YES;
				CLANG_WARN__DUPLICATE_METHOD_MATCH = YES;
				COPY_PHASE_STRIP = NO;
				CURRENT_PROJECT_VERSION = 1;
				DEBUG_INFORMATION_FORMAT = "dwarf-with-dsym";
				ENABLE_STRICT_OBJC_MSGSEND = YES;
				ENABLE_TESTABILITY = YES;
				GCC_C_LANGUAGE_STANDARD = gnu99;
				GCC_DYNAMIC_NO_PIC = NO;
				GCC_NO_COMMON_BLOCKS = YES;
				GCC_OPTIMIZATION_LEVEL = 0;
				GCC_PREPROCESSOR_DEFINITIONS = (
					"DEBUG=1",
					"$(inherited)",
				);
				GCC_SYMBOLS_PRIVATE_EXTERN = NO;
				GCC_WARN_64_TO_32_BIT_CONVERSION = YES;
				GCC_WARN_ABOUT_RETURN_TYPE = YES_ERROR;
				GCC_WARN_UNDECLARED_SELECTOR = YES;
				GCC_WARN_UNINITIALIZED_AUTOS = YES_AGGRESSIVE;
				GCC_WARN_UNUSED_FUNCTION = YES;
				GCC_WARN_UNUSED_VARIABLE = YES;
				MACOSX_DEPLOYMENT_TARGET = 10.10;
				MTL_ENABLE_DEBUG_INFO = YES;
				ONLY_ACTIVE_ARCH = YES;
				SDKROOT = macosx;
				STRIP_INSTALLED_PRODUCT = NO;
				VERSIONING_SYSTEM = "apple-generic";
				VERSION_INFO_PREFIX = "";
				WARNING_CFLAGS = (
					"-Weverything",
					"-Wno-cstring-format-directive",
					"-Wno-padded",
					"-Wno-auto-import",
					"-Wno-missing-variable-declarations",
					"-Wno-objc-missing-property-synthesis",
					"-Wno-cast-qual",
					"-Wno-gnu-zero-variadic-macro-arguments",
				);
			};
			name = Debug;
		};
		4FEF59641B29CE06002344A7 /* Release */ = {
			isa = XCBuildConfiguration;
			buildSettings = {
				ALWAYS_SEARCH_USER_PATHS = NO;
				CLANG_CXX_LANGUAGE_STANDARD = "gnu++0x";
				CLANG_CXX_LIBRARY = "libc++";
				CLANG_ENABLE_MODULES = YES;
				CLANG_ENABLE_OBJC_ARC = YES;
				CLANG_WARN_BLOCK_CAPTURE_AUTORELEASING = YES;
				CLANG_WARN_BOOL_CONVERSION = YES;
				CLANG_WARN_COMMA = YES;
				CLANG_WARN_CONSTANT_CONVERSION = YES;
				CLANG_WARN_DEPRECATED_OBJC_IMPLEMENTATIONS = YES;
				CLANG_WARN_DIRECT_OBJC_ISA_USAGE = YES_ERROR;
				CLANG_WARN_EMPTY_BODY = YES;
				CLANG_WARN_ENUM_CONVERSION = YES;
				CLANG_WARN_INFINITE_RECURSION = YES;
				CLANG_WARN_INT_CONVERSION = YES;
				CLANG_WARN_NON_LITERAL_NULL_CONVERSION = YES;
				CLANG_WARN_OBJC_IMPLICIT_RETAIN_SELF = YES;
				CLANG_WARN_OBJC_LITERAL_CONVERSION = YES;
				CLANG_WARN_OBJC_ROOT_CLASS = YES_ERROR;
				CLANG_WARN_RANGE_LOOP_ANALYSIS = YES;
				CLANG_WARN_STRICT_PROTOTYPES = YES;
				CLANG_WARN_SUSPICIOUS_MOVE = YES;
				CLANG_WARN_UNREACHABLE_CODE = YES;
				CLANG_WARN__DUPLICATE_METHOD_MATCH = YES;
				COPY_PHASE_STRIP = NO;
				CURRENT_PROJECT_VERSION = 1;
				DEBUG_INFORMATION_FORMAT = "dwarf-with-dsym";
				ENABLE_STRICT_OBJC_MSGSEND = YES;
				GCC_C_LANGUAGE_STANDARD = gnu99;
				GCC_NO_COMMON_BLOCKS = YES;
				GCC_WARN_64_TO_32_BIT_CONVERSION = YES;
				GCC_WARN_ABOUT_RETURN_TYPE = YES_ERROR;
				GCC_WARN_UNDECLARED_SELECTOR = YES;
				GCC_WARN_UNINITIALIZED_AUTOS = YES_AGGRESSIVE;
				GCC_WARN_UNUSED_FUNCTION = YES;
				GCC_WARN_UNUSED_VARIABLE = YES;
				MACOSX_DEPLOYMENT_TARGET = 10.10;
				MTL_ENABLE_DEBUG_INFO = NO;
				SDKROOT = macosx;
				STRIP_INSTALLED_PRODUCT = NO;
				VERSIONING_SYSTEM = "apple-generic";
				VERSION_INFO_PREFIX = "";
				WARNING_CFLAGS = (
					"-Weverything",
					"-Wno-cstring-format-directive",
					"-Wno-padded",
					"-Wno-auto-import",
					"-Wno-missing-variable-declarations",
					"-Wno-objc-missing-property-synthesis",
					"-Wno-cast-qual",
					"-Wno-gnu-zero-variadic-macro-arguments",
				);
			};
			name = Release;
		};
		4FEF59661B29CE06002344A7 /* Debug */ = {
			isa = XCBuildConfiguration;
			buildSettings = {
				CLANG_ANALYZER_DEADCODE_DEADSTORES = NO;
				CLANG_ANALYZER_SECURITY_FLOATLOOPCOUNTER = YES;
				CLANG_ANALYZER_SECURITY_INSECUREAPI_RAND = YES;
				CLANG_ANALYZER_SECURITY_INSECUREAPI_STRCPY = YES;
				CLANG_WARN_ASSIGN_ENUM = YES;
				CLANG_WARN_DEPRECATED_OBJC_IMPLEMENTATIONS = YES;
				CLANG_WARN_DOCUMENTATION_COMMENTS = YES;
				CLANG_WARN_IMPLICIT_SIGN_CONVERSION = YES;
				CLANG_WARN_OBJC_EXPLICIT_OWNERSHIP_TYPE = YES;
				CLANG_WARN_OBJC_IMPLICIT_ATOMIC_PROPERTIES = YES;
				CLANG_WARN_OBJC_IMPLICIT_RETAIN_SELF = YES;
				CLANG_WARN_OBJC_MISSING_PROPERTY_SYNTHESIS = YES;
				CLANG_WARN_OBJC_RECEIVER_WEAK = YES;
				CLANG_WARN_OBJC_REPEATED_USE_OF_WEAK = YES;
				CLANG_WARN_SUSPICIOUS_IMPLICIT_CONVERSION = YES;
				COMBINE_HIDPI_IMAGES = YES;
				DEFINES_MODULE = YES;
				DYLIB_COMPATIBILITY_VERSION = 1;
				DYLIB_CURRENT_VERSION = 1;
				DYLIB_INSTALL_NAME_BASE = "@rpath";
				GCC_TREAT_IMPLICIT_FUNCTION_DECLARATIONS_AS_ERRORS = YES;
				GCC_TREAT_INCOMPATIBLE_POINTER_TYPE_WARNINGS_AS_ERRORS = YES;
				GCC_TREAT_WARNINGS_AS_ERRORS = YES;
				GCC_WARN_ABOUT_MISSING_FIELD_INITIALIZERS = YES;
				GCC_WARN_ABOUT_MISSING_NEWLINE = YES;
				GCC_WARN_ABOUT_MISSING_PROTOTYPES = YES;
				GCC_WARN_INITIALIZER_NOT_FULLY_BRACKETED = YES;
				GCC_WARN_MULTIPLE_DEFINITION_TYPES_FOR_SELECTOR = YES;
				GCC_WARN_PEDANTIC = YES;
				GCC_WARN_SHADOW = YES;
				GCC_WARN_SIGN_COMPARE = YES;
				GCC_WARN_STRICT_SELECTOR_MATCH = YES;
				GCC_WARN_UNKNOWN_PRAGMAS = YES;
				GCC_WARN_UNUSED_LABEL = YES;
				GCC_WARN_UNUSED_PARAMETER = YES;
				INFOPLIST_FILE = LuaSkin/Info.plist;
				INSTALL_PATH = "$(LOCAL_LIBRARY_DIR)/Frameworks";
				LD_RUNPATH_SEARCH_PATHS = "$(inherited) @executable_path/../Frameworks @loader_path/Frameworks";
				LIBRARY_SEARCH_PATHS = (
					"$(inherited)",
					"$(PROJECT_DIR)/LuaJIT-2.0.5/src",
				);
				PRODUCT_BUNDLE_IDENTIFIER = "org.hammerspoon.$(PRODUCT_NAME:rfc1034identifier)";
				PRODUCT_NAME = "$(TARGET_NAME)";
				SKIP_INSTALL = YES;
				WARNING_CFLAGS = "";
			};
			name = Debug;
		};
		4FEF59671B29CE06002344A7 /* Release */ = {
			isa = XCBuildConfiguration;
			buildSettings = {
				CLANG_ANALYZER_DEADCODE_DEADSTORES = NO;
				CLANG_ANALYZER_SECURITY_FLOATLOOPCOUNTER = YES;
				CLANG_ANALYZER_SECURITY_INSECUREAPI_RAND = YES;
				CLANG_ANALYZER_SECURITY_INSECUREAPI_STRCPY = YES;
				CLANG_WARN_ASSIGN_ENUM = YES;
				CLANG_WARN_DEPRECATED_OBJC_IMPLEMENTATIONS = YES;
				CLANG_WARN_DOCUMENTATION_COMMENTS = YES;
				CLANG_WARN_IMPLICIT_SIGN_CONVERSION = YES;
				CLANG_WARN_OBJC_EXPLICIT_OWNERSHIP_TYPE = YES;
				CLANG_WARN_OBJC_IMPLICIT_ATOMIC_PROPERTIES = YES;
				CLANG_WARN_OBJC_IMPLICIT_RETAIN_SELF = YES;
				CLANG_WARN_OBJC_MISSING_PROPERTY_SYNTHESIS = YES;
				CLANG_WARN_OBJC_RECEIVER_WEAK = YES;
				CLANG_WARN_OBJC_REPEATED_USE_OF_WEAK = YES;
				CLANG_WARN_SUSPICIOUS_IMPLICIT_CONVERSION = YES;
				COMBINE_HIDPI_IMAGES = YES;
				DEFINES_MODULE = YES;
				DYLIB_COMPATIBILITY_VERSION = 1;
				DYLIB_CURRENT_VERSION = 1;
				DYLIB_INSTALL_NAME_BASE = "@rpath";
				GCC_TREAT_IMPLICIT_FUNCTION_DECLARATIONS_AS_ERRORS = YES;
				GCC_TREAT_INCOMPATIBLE_POINTER_TYPE_WARNINGS_AS_ERRORS = YES;
				GCC_TREAT_WARNINGS_AS_ERRORS = YES;
				GCC_WARN_ABOUT_MISSING_FIELD_INITIALIZERS = YES;
				GCC_WARN_ABOUT_MISSING_NEWLINE = YES;
				GCC_WARN_ABOUT_MISSING_PROTOTYPES = YES;
				GCC_WARN_INITIALIZER_NOT_FULLY_BRACKETED = YES;
				GCC_WARN_MULTIPLE_DEFINITION_TYPES_FOR_SELECTOR = YES;
				GCC_WARN_PEDANTIC = YES;
				GCC_WARN_SHADOW = YES;
				GCC_WARN_SIGN_COMPARE = YES;
				GCC_WARN_STRICT_SELECTOR_MATCH = YES;
				GCC_WARN_UNKNOWN_PRAGMAS = YES;
				GCC_WARN_UNUSED_LABEL = YES;
				GCC_WARN_UNUSED_PARAMETER = YES;
				INFOPLIST_FILE = LuaSkin/Info.plist;
				INSTALL_PATH = "$(LOCAL_LIBRARY_DIR)/Frameworks";
				LD_RUNPATH_SEARCH_PATHS = "$(inherited) @executable_path/../Frameworks @loader_path/Frameworks";
				LIBRARY_SEARCH_PATHS = (
					"$(inherited)",
					"$(PROJECT_DIR)/LuaJIT-2.0.5/src",
				);
				PRODUCT_BUNDLE_IDENTIFIER = "org.hammerspoon.$(PRODUCT_NAME:rfc1034identifier)";
				PRODUCT_NAME = "$(TARGET_NAME)";
				SKIP_INSTALL = YES;
				WARNING_CFLAGS = "";
			};
			name = Release;
		};
		4FEF59691B29CE06002344A7 /* Debug */ = {
			isa = XCBuildConfiguration;
			buildSettings = {
				COMBINE_HIDPI_IMAGES = YES;
				FRAMEWORK_SEARCH_PATHS = (
					"$(DEVELOPER_FRAMEWORKS_DIR)",
					"$(inherited)",
				);
				GCC_PREPROCESSOR_DEFINITIONS = (
					"DEBUG=1",
					"$(inherited)",
				);
				INFOPLIST_FILE = LuaSkinTests/Info.plist;
				LD_RUNPATH_SEARCH_PATHS = "$(inherited) @executable_path/../Frameworks @loader_path/../Frameworks";
				PRODUCT_BUNDLE_IDENTIFIER = "org.hammerspoon.$(PRODUCT_NAME:rfc1034identifier)";
				PRODUCT_NAME = "$(TARGET_NAME)";
				WARNING_CFLAGS = "";
			};
			name = Debug;
		};
		4FEF596A1B29CE06002344A7 /* Release */ = {
			isa = XCBuildConfiguration;
			buildSettings = {
				COMBINE_HIDPI_IMAGES = YES;
				FRAMEWORK_SEARCH_PATHS = (
					"$(DEVELOPER_FRAMEWORKS_DIR)",
					"$(inherited)",
				);
				INFOPLIST_FILE = LuaSkinTests/Info.plist;
				LD_RUNPATH_SEARCH_PATHS = "$(inherited) @executable_path/../Frameworks @loader_path/../Frameworks";
				PRODUCT_BUNDLE_IDENTIFIER = "org.hammerspoon.$(PRODUCT_NAME:rfc1034identifier)";
				PRODUCT_NAME = "$(TARGET_NAME)";
				WARNING_CFLAGS = "";
			};
			name = Release;
		};
/* End XCBuildConfiguration section */

/* Begin XCConfigurationList section */
		4FEF59491B29CE06002344A7 /* Build configuration list for PBXProject "LuaSkin" */ = {
			isa = XCConfigurationList;
			buildConfigurations = (
				4FEF59631B29CE06002344A7 /* Debug */,
				4F0454E120F1480E00699F29 /* Profile */,
				4FEF59641B29CE06002344A7 /* Release */,
			);
			defaultConfigurationIsVisible = 0;
			defaultConfigurationName = Release;
		};
		4FEF59651B29CE06002344A7 /* Build configuration list for PBXNativeTarget "LuaSkin" */ = {
			isa = XCConfigurationList;
			buildConfigurations = (
				4FEF59661B29CE06002344A7 /* Debug */,
				4F0454E220F1480E00699F29 /* Profile */,
				4FEF59671B29CE06002344A7 /* Release */,
			);
			defaultConfigurationIsVisible = 0;
			defaultConfigurationName = Release;
		};
		4FEF59681B29CE06002344A7 /* Build configuration list for PBXNativeTarget "LuaSkinTests" */ = {
			isa = XCConfigurationList;
			buildConfigurations = (
				4FEF59691B29CE06002344A7 /* Debug */,
				4F0454E320F1480E00699F29 /* Profile */,
				4FEF596A1B29CE06002344A7 /* Release */,
			);
			defaultConfigurationIsVisible = 0;
			defaultConfigurationName = Release;
		};
/* End XCConfigurationList section */
	};
	rootObject = 4FEF59461B29CE06002344A7 /* Project object */;
}
